
Microsoft Visual Studio Solution File, Format Version 12.00
# Visual Studio Version 17
VisualStudioVersion = 17.14.36915.13 d17.14
MinimumVisualStudioVersion = 10.0.40219.1
Project("{FAE04EC0-301F-11D3-BF4B-00C04F79EFBC}") = "RetailPrime", "RetailPrime\RetailPrime.csproj", "{FBF38E5F-84B5-4BDE-BB0E-C7EE48120405}"
EndProject
Global
	GlobalSection(SolutionConfigurationPlatforms) = preSolution
		Debug|Any CPU = Debug|Any CPU
		Release|Any CPU = Release|Any CPU
	EndGlobalSection
	GlobalSection(ProjectConfigurationPlatforms) = postSolution
		{FBF38E5F-84B5-4BDE-BB0E-C7EE48120405}.Debug|Any CPU.ActiveCfg = Debug|Any CPU
		{FBF38E5F-84B5-4BDE-BB0E-C7EE48120405}.Debug|Any CPU.Build.0 = Debug|Any CPU
		{FBF38E5F-84B5-4BDE-BB0E-C7EE48120405}.Release|Any CPU.ActiveCfg = Release|Any CPU
		{FBF38E5F-84B5-4BDE-BB0E-C7EE48120405}.Release|Any CPU.Build.0 = Release|Any CPU
	EndGlobalSection
	GlobalSection(SolutionProperties) = preSolution
		HideSolutionNode = FALSE
	EndGlobalSection
	GlobalSection(ExtensibilityGlobals) = postSolution
		SolutionGuid = {C4FAD943-CD6D-49B3-92F5-D3B2A9AEF797}
	EndGlobalSection
EndGlobal
