
Microsoft Visual Studio Solution File, Format Version 12.00
# Visual Studio Version 17
VisualStudioVersion = 17.14.36915.13
MinimumVisualStudioVersion = 10.0.40219.1
Project("{FAE04EC0-301F-11D3-BF4B-00C04F79EFBC}") = "RetailPrime", "RetailPrime\RetailPrime.csproj", "{FBF38E5F-84B5-4BDE-BB0E-C7EE48120405}"
EndProject
Project("{2150E333-8FDC-42A3-9474-1A3956D46DE8}") = "Winforms", "Winforms", "{02EA681E-C7D8-13C7-8484-4AC65E1B71E8}"
EndProject
Project("{FAE04EC0-301F-11D3-BF4B-00C04F79EFBC}") = "Prime.Library", "PrimeLibrary\Prime.Library.csproj", "{00546894-C650-4379-805C-84AB4885E2E9}"
EndProject
Project("{FAE04EC0-301F-11D3-BF4B-00C04F79EFBC}") = "Prime.Api", "PrimeApi\Prime.Api.csproj", "{CD0A968F-55BF-4D07-B175-1D347987366E}"
EndProject
Project("{FAE04EC0-301F-11D3-BF4B-00C04F79EFBC}") = "Prime.Console", "Prime.Console\Prime.Console.csproj", "{79121CC4-10EE-4979-B729-D8CE80828236}"
EndProject
Project("{FAE04EC0-301F-11D3-BF4B-00C04F79EFBC}") = "Prime.Tests", "Prime.Tests\Prime.Tests.csproj", "{127325D0-CC59-4574-8BC7-08E1571B031D}"
EndProject
Global
	GlobalSection(SolutionConfigurationPlatforms) = preSolution
		Debug|Any CPU = Debug|Any CPU
		Release|Any CPU = Release|Any CPU
	EndGlobalSection
	GlobalSection(ProjectConfigurationPlatforms) = postSolution
		{FBF38E5F-84B5-4BDE-BB0E-C7EE48120405}.Debug|Any CPU.ActiveCfg = Debug|Any CPU
		{FBF38E5F-84B5-4BDE-BB0E-C7EE48120405}.Debug|Any CPU.Build.0 = Debug|Any CPU
		{FBF38E5F-84B5-4BDE-BB0E-C7EE48120405}.Release|Any CPU.ActiveCfg = Release|Any CPU
		{FBF38E5F-84B5-4BDE-BB0E-C7EE48120405}.Release|Any CPU.Build.0 = Release|Any CPU
		{00546894-C650-4379-805C-84AB4885E2E9}.Debug|Any CPU.ActiveCfg = Debug|Any CPU
		{00546894-C650-4379-805C-84AB4885E2E9}.Debug|Any CPU.Build.0 = Debug|Any CPU
		{00546894-C650-4379-805C-84AB4885E2E9}.Release|Any CPU.ActiveCfg = Release|Any CPU
		{00546894-C650-4379-805C-84AB4885E2E9}.Release|Any CPU.Build.0 = Release|Any CPU
		{CD0A968F-55BF-4D07-B175-1D347987366E}.Debug|Any CPU.ActiveCfg = Debug|Any CPU
		{CD0A968F-55BF-4D07-B175-1D347987366E}.Debug|Any CPU.Build.0 = Debug|Any CPU
		{CD0A968F-55BF-4D07-B175-1D347987366E}.Release|Any CPU.ActiveCfg = Release|Any CPU
		{CD0A968F-55BF-4D07-B175-1D347987366E}.Release|Any CPU.Build.0 = Release|Any CPU
		{79121CC4-10EE-4979-B729-D8CE80828236}.Debug|Any CPU.ActiveCfg = Debug|Any CPU
		{79121CC4-10EE-4979-B729-D8CE80828236}.Debug|Any CPU.Build.0 = Debug|Any CPU
		{79121CC4-10EE-4979-B729-D8CE80828236}.Release|Any CPU.ActiveCfg = Release|Any CPU
		{79121CC4-10EE-4979-B729-D8CE80828236}.Release|Any CPU.Build.0 = Release|Any CPU
		{127325D0-CC59-4574-8BC7-08E1571B031D}.Debug|Any CPU.ActiveCfg = Debug|Any CPU
		{127325D0-CC59-4574-8BC7-08E1571B031D}.Debug|Any CPU.Build.0 = Debug|Any CPU
		{127325D0-CC59-4574-8BC7-08E1571B031D}.Release|Any CPU.ActiveCfg = Release|Any CPU
		{127325D0-CC59-4574-8BC7-08E1571B031D}.Release|Any CPU.Build.0 = Release|Any CPU
	EndGlobalSection
	GlobalSection(SolutionProperties) = preSolution
		HideSolutionNode = FALSE
	EndGlobalSection
	GlobalSection(NestedProjects) = preSolution
		{FBF38E5F-84B5-4BDE-BB0E-C7EE48120405} = {02EA681E-C7D8-13C7-8484-4AC65E1B71E8}
		{00546894-C650-4379-805C-84AB4885E2E9} = {02EA681E-C7D8-13C7-8484-4AC65E1B71E8}
		{CD0A968F-55BF-4D07-B175-1D347987366E} = {02EA681E-C7D8-13C7-8484-4AC65E1B71E8}
		{79121CC4-10EE-4979-B729-D8CE80828236} = {02EA681E-C7D8-13C7-8484-4AC65E1B71E8}
		{127325D0-CC59-4574-8BC7-08E1571B031D} = {02EA681E-C7D8-13C7-8484-4AC65E1B71E8}
	EndGlobalSection
	GlobalSection(ExtensibilityGlobals) = postSolution
		SolutionGuid = {C4FAD943-CD6D-49B3-92F5-D3B2A9AEF797}
	EndGlobalSection
EndGlobal
